<?xml version="1.0" encoding="utf-8"?>
<Project ToolsVersion="4.0" xmlns="http://schemas.microsoft.com/developer/msbuild/2003">
  <ItemGroup>
    <Filter Include="Default">
      <UniqueIdentifier>{b52a6eb2-2d40-4cb4-8e5b-fbebeacff5e5}</UniqueIdentifier>
    </Filter>
    <Filter Include="01. Header">
      <UniqueIdentifier>{342378dd-5bd3-4967-b4e1-0e53cec0e82a}</UniqueIdentifier>
    </Filter>
    <Filter Include="02. Engine">
      <UniqueIdentifier>{07057d25-dc1e-4c98-bddb-bae14d0927f4}</UniqueIdentifier>
    </Filter>
    <Filter Include="03. Device">
      <UniqueIdentifier>{f700f4cd-e61f-4102-98c4-f96943d3fd47}</UniqueIdentifier>
    </Filter>
    <Filter Include="04. Manager">
      <UniqueIdentifier>{2aae81e9-73f4-4b1c-a1f5-98fd6dd2e5a8}</UniqueIdentifier>
    </Filter>
    <Filter Include="Module">
      <UniqueIdentifier>{a357ba81-075f-41d2-a44b-55a5c1e9bb6f}</UniqueIdentifier>
    </Filter>
    <Filter Include="05. Level">
      <UniqueIdentifier>{1b64a587-7356-41ad-8539-d8e6d2d24339}</UniqueIdentifier>
    </Filter>
    <Filter Include="Entity">
      <UniqueIdentifier>{6b1063ca-ffa1-4653-a8ff-2ea3e4ef6cb1}</UniqueIdentifier>
    </Filter>
    <Filter Include="04. Manager\PathMgr">
      <UniqueIdentifier>{10d12ae3-015c-4487-a4d4-1e8ff02eea32}</UniqueIdentifier>
    </Filter>
    <Filter Include="04. Manager\KeyMgr">
      <UniqueIdentifier>{b8d3d1c4-6d62-4d6a-b74c-3edf56212e8f}</UniqueIdentifier>
    </Filter>
    <Filter Include="04. Manager\TimeMgr">
      <UniqueIdentifier>{0726def4-8fa7-4131-9cd4-25bb6e453bb7}</UniqueIdentifier>
    </Filter>
    <Filter Include="ShaderCode">
      <UniqueIdentifier>{b4be6c43-fdec-4925-8eeb-6862d8983d3b}</UniqueIdentifier>
    </Filter>
    <Filter Include="07. Component">
      <UniqueIdentifier>{4a21c217-9167-4199-82a4-65ab4686b88c}</UniqueIdentifier>
    </Filter>
    <Filter Include="08. Asset">
      <UniqueIdentifier>{21de5dcf-7edc-440b-b7b9-8a561b972f92}</UniqueIdentifier>
    </Filter>
    <Filter Include="08. Asset\Mesh">
      <UniqueIdentifier>{6a6a55e2-2ec6-49b9-b950-7f1e299c0f77}</UniqueIdentifier>
    </Filter>
    <Filter Include="08. Asset\Shader">
      <UniqueIdentifier>{2fe5bf4a-0d09-4546-8bfc-83e1ffd8bcc5}</UniqueIdentifier>
    </Filter>
    <Filter Include="04. Manager\AssetMgr">
      <UniqueIdentifier>{aa904495-fb04-4e5e-8485-d3d50bfe28eb}</UniqueIdentifier>
    </Filter>
    <Filter Include="06. GameObject">
      <UniqueIdentifier>{31f19ca3-4cd7-480d-9316-ffe9c5a3887b}</UniqueIdentifier>
    </Filter>
    <Filter Include="08. Asset\Shader\GraphicShader">
      <UniqueIdentifier>{9e950d5e-a076-4e4a-ae8f-637b4277a4dd}</UniqueIdentifier>
    </Filter>
    <Filter Include="08. Asset\Shader\ComputeShader">
      <UniqueIdentifier>{78311e68-82c8-4133-ba69-0862a8a5cd9c}</UniqueIdentifier>
    </Filter>
    <Filter Include="07. Component\Transform">
      <UniqueIdentifier>{39c1f033-7d14-4eb2-a457-6d0bdb8918df}</UniqueIdentifier>
    </Filter>
    <Filter Include="07. Component\Renderer">
      <UniqueIdentifier>{1fdd2e60-b96b-4c11-814e-78e3d59c664f}</UniqueIdentifier>
    </Filter>
    <Filter Include="07. Component\Renderer\MeshRenderer">
      <UniqueIdentifier>{2b2eaa56-575e-456f-9e2e-31cab67408cd}</UniqueIdentifier>
    </Filter>
    <Filter Include="03. Device\ConstantBuffer">
      <UniqueIdentifier>{a6b761cd-9a51-4653-9ea9-8635e55bfade}</UniqueIdentifier>
    </Filter>
    <Filter Include="07. Component\Script">
      <UniqueIdentifier>{143e6df6-3471-47cf-996a-289460aeb317}</UniqueIdentifier>
    </Filter>
    <Filter Include="08. Asset\Material">
      <UniqueIdentifier>{a24cf468-3265-4bb3-945c-b559274505b2}</UniqueIdentifier>
    </Filter>
    <Filter Include="08. Asset\Sound">
      <UniqueIdentifier>{d86c5f8b-ebc2-4c7a-ac34-d8c13882b223}</UniqueIdentifier>
    </Filter>
    <Filter Include="04. Manager\LevelMgr">
      <UniqueIdentifier>{8ae7a4da-55bc-4861-85ab-fbcd6c7a8c7a}</UniqueIdentifier>
    </Filter>
    <Filter Include="05. Level\TestLevel">
      <UniqueIdentifier>{88be1daf-f4b3-457e-8c44-22962610a62f}</UniqueIdentifier>
    </Filter>
    <Filter Include="09. Layer">
      <UniqueIdentifier>{84faa94b-6c19-4617-8932-2d64b2e79e8a}</UniqueIdentifier>
    </Filter>
    <Filter Include="08. Asset\MeshData">
      <UniqueIdentifier>{27535a3c-73c6-4838-9b1e-90451d422821}</UniqueIdentifier>
    </Filter>
    <Filter Include="07. Component\Camera">
      <UniqueIdentifier>{2cad6706-b321-4b30-ab7f-5d3e1de3ab7f}</UniqueIdentifier>
    </Filter>
    <Filter Include="07. Component\Script\2. Camera">
      <UniqueIdentifier>{a7c4977d-e627-4d9e-9d7e-13a3e553764e}</UniqueIdentifier>
    </Filter>
    <Filter Include="07. Component\Script\1. Player">
      <UniqueIdentifier>{c8515a4e-46b5-47e9-9f22-f4b956fed706}</UniqueIdentifier>
    </Filter>
    <Filter Include="07. Component\Light2D">
      <UniqueIdentifier>{ae5f4f9f-9b03-440d-a999-8991054b773c}</UniqueIdentifier>
    </Filter>
    <Filter Include="07. Component\Renderer\SpriteRenderer">
      <UniqueIdentifier>{08d3b0a6-b410-4864-b9e3-77cdf1058ec5}</UniqueIdentifier>
    </Filter>
    <Filter Include="08. Asset\Sprite">
      <UniqueIdentifier>{802d27d2-17f6-4d08-9e95-387e19cea718}</UniqueIdentifier>
    </Filter>
    <Filter Include="04. Manager\TaskMgr">
      <UniqueIdentifier>{9bfeab16-3ccd-4fba-9da8-ac1ac53ca026}</UniqueIdentifier>
    </Filter>
    <Filter Include="04. Manager\ThreadMgr">
      <UniqueIdentifier>{ad96b235-33bc-49a1-aeec-b455feb4a7df}</UniqueIdentifier>
    </Filter>
    <Filter Include="ThreadTask">
      <UniqueIdentifier>{09c869c4-b80f-4ad1-af7f-d14583fa8d3e}</UniqueIdentifier>
    </Filter>
    <Filter Include="ThreadTask\MapGenerator">
      <UniqueIdentifier>{73689df0-4fa7-4c41-9772-dab173a5abb2}</UniqueIdentifier>
    </Filter>
    <Filter Include="04. Manager\GCMgr">
      <UniqueIdentifier>{268c0b88-2703-4002-b9a0-878514960477}</UniqueIdentifier>
    </Filter>
    <Filter Include="08. Asset\SmartPtrForAsset">
      <UniqueIdentifier>{1b6f516e-0b0f-401a-b1eb-b60318a43ff2}</UniqueIdentifier>
    </Filter>
    <Filter Include="04. Manager\RenderMgr">
      <UniqueIdentifier>{d07a1b79-ea16-46f2-bafd-cf6460c59ed1}</UniqueIdentifier>
    </Filter>
    <Filter Include="04. Manager\CollisionMgr">
      <UniqueIdentifier>{08b0be4a-470e-44e6-945f-40bf6ca64ba6}</UniqueIdentifier>
    </Filter>
    <Filter Include="Module\ImGUI">
      <UniqueIdentifier>{54321bc4-00e7-4fb9-a9e2-d459df997201}</UniqueIdentifier>
    </Filter>
    <Filter Include="04. Manager\ImGUIMgr">
      <UniqueIdentifier>{af6c288e-4655-413e-83f9-2c5c7382f48d}</UniqueIdentifier>
    </Filter>
    <Filter Include="07. Component\Collider">
      <UniqueIdentifier>{c508850b-c8c7-4e2f-bf6c-b9ce5a25e315}</UniqueIdentifier>
    </Filter>
    <Filter Include="07. Component\Collider\Collider2D">
      <UniqueIdentifier>{7808407c-367c-48bb-a1d9-3f55068b7014}</UniqueIdentifier>
    </Filter>
    <Filter Include="07. Component\Collider\Collider3D">
      <UniqueIdentifier>{af526a59-f0ec-4d50-b060-0f3af74d7480}</UniqueIdentifier>
    </Filter>
    <Filter Include="07. Component\Collider\Collider2D\BoxCollider2D">
      <UniqueIdentifier>{581388f2-7de7-467a-abcb-289965a36902}</UniqueIdentifier>
    </Filter>
    <Filter Include="07. Component\Collider\Collider2D\CircleCollider2D">
      <UniqueIdentifier>{e92bcb1e-e96c-45aa-bf57-102b90dd711f}</UniqueIdentifier>
    </Filter>
    <Filter Include="07. Component\Collider\Collider3D\BoxCollider">
      <UniqueIdentifier>{687e93e7-c930-4974-93d4-7442a5e431a2}</UniqueIdentifier>
    </Filter>
    <Filter Include="07. Component\Collider\Collider3D\SphereCollider">
      <UniqueIdentifier>{2d67622d-2574-4e31-8692-cd1ebef1059c}</UniqueIdentifier>
    </Filter>
    <Filter Include="07. Component\Animator2D">
      <UniqueIdentifier>{7ad99ade-a9de-4643-86f5-6fe2129a96fe}</UniqueIdentifier>
    </Filter>
    <Filter Include="07. Component\Animator2D\Animation2D">
      <UniqueIdentifier>{9113d5da-cea0-4c02-aaf7-bb93e3a137d4}</UniqueIdentifier>
    </Filter>
    <Filter Include="03. Device\StructedBuffer">
      <UniqueIdentifier>{3bfa84d5-3c07-47ca-9353-b1e991f5a66b}</UniqueIdentifier>
    </Filter>
  </ItemGroup>
  <ItemGroup>
    <ClInclude Include="framework.h">
      <Filter>Default</Filter>
    </ClInclude>
    <ClInclude Include="pch.h">
      <Filter>Default</Filter>
    </ClInclude>
    <ClInclude Include="global.h">
      <Filter>01. Header</Filter>
    </ClInclude>
    <ClInclude Include="struct.h">
      <Filter>01. Header</Filter>
    </ClInclude>
    <ClInclude Include="define.h">
      <Filter>01. Header</Filter>
    </ClInclude>
    <ClInclude Include="singleton.h">
      <Filter>01. Header</Filter>
    </ClInclude>
    <ClInclude Include="EHEngine.h">
      <Filter>02. Engine</Filter>
    </ClInclude>
    <ClInclude Include="EHDevice.h">
      <Filter>03. Device</Filter>
    </ClInclude>
    <ClInclude Include="EHLevel.h">
      <Filter>05. Level</Filter>
    </ClInclude>
    <ClInclude Include="EHEntity.h">
      <Filter>Entity</Filter>
    </ClInclude>
    <ClInclude Include="SimpleMath.h">
      <Filter>Module</Filter>
    </ClInclude>
    <ClInclude Include="EHKeyMgr.h">
      <Filter>04. Manager\KeyMgr</Filter>
    </ClInclude>
    <ClInclude Include="EHPathMgr.h">
      <Filter>04. Manager\PathMgr</Filter>
    </ClInclude>
    <ClInclude Include="EHMesh.h">
      <Filter>08. Asset\Mesh</Filter>
    </ClInclude>
    <ClInclude Include="EHShader.h">
      <Filter>08. Asset\Shader</Filter>
    </ClInclude>
    <ClInclude Include="EHAsset.h">
      <Filter>08. Asset</Filter>
    </ClInclude>
    <ClInclude Include="EHAssetMgr.h">
      <Filter>04. Manager\AssetMgr</Filter>
    </ClInclude>
    <ClInclude Include="enum.h">
      <Filter>01. Header</Filter>
    </ClInclude>
    <ClInclude Include="EHTimeMgr.h">
      <Filter>04. Manager\TimeMgr</Filter>
    </ClInclude>
    <ClInclude Include="EHComponent.h">
      <Filter>07. Component</Filter>
    </ClInclude>
    <ClInclude Include="EHTransform.h">
      <Filter>07. Component\Transform</Filter>
    </ClInclude>
    <ClInclude Include="EHGraphicShader.h">
      <Filter>08. Asset\Shader\GraphicShader</Filter>
    </ClInclude>
    <ClInclude Include="EHMeshRenderer.h">
      <Filter>07. Component\Renderer\MeshRenderer</Filter>
    </ClInclude>
    <ClInclude Include="func.h">
      <Filter>01. Header</Filter>
    </ClInclude>
    <ClInclude Include="EHRenderer.h">
      <Filter>07. Component\Renderer</Filter>
    </ClInclude>
    <ClInclude Include="EHConstantBuffer.h">
      <Filter>03. Device\ConstantBuffer</Filter>
    </ClInclude>
    <ClInclude Include="EHScript.h">
      <Filter>07. Component\Script</Filter>
    </ClInclude>
    <ClInclude Include="EHLevelMgr.h">
      <Filter>04. Manager\LevelMgr</Filter>
    </ClInclude>
    <ClInclude Include="EHTestLevel.h">
      <Filter>05. Level\TestLevel</Filter>
    </ClInclude>
    <ClInclude Include="EHLayer.h">
      <Filter>09. Layer</Filter>
    </ClInclude>
    <ClInclude Include="EHCamera.h">
      <Filter>07. Component\Camera</Filter>
    </ClInclude>
    <ClInclude Include="Extern.h">
      <Filter>01. Header</Filter>
    </ClInclude>
    <ClInclude Include="EHPlayerScript.h">
      <Filter>07. Component\Script\1. Player</Filter>
    </ClInclude>
    <ClInclude Include="EHCameraScript.h">
      <Filter>07. Component\Script\2. Camera</Filter>
    </ClInclude>
    <ClInclude Include="EHMaterial.h">
      <Filter>08. Asset\Material</Filter>
    </ClInclude>
    <ClInclude Include="EHLIght2D.h">
      <Filter>07. Component\Light2D</Filter>
    </ClInclude>
    <ClInclude Include="EHCameraTargetScript.h">
      <Filter>07. Component\Script\2. Camera</Filter>
    </ClInclude>
    <ClInclude Include="EHSprite.h">
      <Filter>08. Asset\Sprite</Filter>
    </ClInclude>
    <ClInclude Include="EHGameObject.h">
      <Filter>06. GameObject</Filter>
    </ClInclude>
    <ClInclude Include="EHTaskMgr.h">
      <Filter>04. Manager\TaskMgr</Filter>
    </ClInclude>
    <ClInclude Include="EHThreadMgr.h">
      <Filter>04. Manager\ThreadMgr</Filter>
    </ClInclude>
    <ClInclude Include="EHThreadTask.h">
      <Filter>ThreadTask</Filter>
    </ClInclude>
    <ClInclude Include="EHMapGenerator.h">
      <Filter>ThreadTask\MapGenerator</Filter>
    </ClInclude>
    <ClInclude Include="EHGarbageCollector.h">
      <Filter>04. Manager\GCMgr</Filter>
    </ClInclude>
    <ClInclude Include="Ptr.h">
      <Filter>08. Asset\SmartPtrForAsset</Filter>
    </ClInclude>
    <ClInclude Include="EHRenderMgr.h">
      <Filter>04. Manager\RenderMgr</Filter>
    </ClInclude>
    <ClInclude Include="EHBehaviour.h">
      <Filter>01. Header</Filter>
    </ClInclude>
    <ClInclude Include="imgui_internal.h">
      <Filter>Module\ImGUI</Filter>
    </ClInclude>
    <ClInclude Include="imstb_rectpack.h">
      <Filter>Module\ImGUI</Filter>
    </ClInclude>
    <ClInclude Include="imstb_textedit.h">
      <Filter>Module\ImGUI</Filter>
    </ClInclude>
    <ClInclude Include="imstb_truetype.h">
      <Filter>Module\ImGUI</Filter>
    </ClInclude>
    <ClInclude Include="imconfig.h">
      <Filter>Module\ImGUI</Filter>
    </ClInclude>
    <ClInclude Include="imgui.h">
      <Filter>Module\ImGUI</Filter>
    </ClInclude>
    <ClInclude Include="EHImGUIMgr.h">
      <Filter>04. Manager\ImGUIMgr</Filter>
    </ClInclude>
    <ClInclude Include="imgui_impl_dx11.h">
      <Filter>Module\ImGUI</Filter>
    </ClInclude>
    <ClInclude Include="imgui_impl_win32.h">
      <Filter>Module\ImGUI</Filter>
    </ClInclude>
    <ClInclude Include="EHCollisionMgr.h">
      <Filter>04. Manager\CollisionMgr</Filter>
    </ClInclude>
    <ClInclude Include="EHCollider.h">
      <Filter>07. Component\Collider</Filter>
    </ClInclude>
    <ClInclude Include="EHCollider2D.h">
      <Filter>07. Component\Collider\Collider2D\BoxCollider2D</Filter>
    </ClInclude>
    <ClInclude Include="EHCircleCollider2D.h">
      <Filter>07. Component\Collider\Collider2D\CircleCollider2D</Filter>
    </ClInclude>
    <ClInclude Include="EHAnimator2D.h">
      <Filter>07. Component\Animator2D</Filter>
    </ClInclude>
    <ClInclude Include="EHAnimation2D.h">
      <Filter>07. Component\Animator2D\Animation2D</Filter>
    </ClInclude>
    <ClInclude Include="EHSpriteRenderer.h">
      <Filter>07. Component\Renderer\SpriteRenderer</Filter>
    </ClInclude>
    <ClInclude Include="EHStructuredBuffer.h">
      <Filter>03. Device\StructedBuffer</Filter>
    </ClInclude>
  </ItemGroup>
  <ItemGroup>
    <ClCompile Include="Engine.cpp">
      <Filter>Default</Filter>
    </ClCompile>
    <ClCompile Include="pch.cpp">
      <Filter>Default</Filter>
    </ClCompile>
    <ClCompile Include="EHEngine.cpp">
      <Filter>02. Engine</Filter>
    </ClCompile>
    <ClCompile Include="EHDevice.cpp">
      <Filter>03. Device</Filter>
    </ClCompile>
    <ClCompile Include="EHLevel.cpp">
      <Filter>05. Level</Filter>
    </ClCompile>
    <ClCompile Include="EHEntity.cpp">
      <Filter>Entity</Filter>
    </ClCompile>
    <ClCompile Include="EHKeyMgr.cpp">
      <Filter>04. Manager\KeyMgr</Filter>
    </ClCompile>
    <ClCompile Include="EHTimeMgr.cpp">
      <Filter>04. Manager\TimeMgr</Filter>
    </ClCompile>
    <ClCompile Include="EHPathMgr.cpp">
      <Filter>04. Manager\PathMgr</Filter>
    </ClCompile>
    <ClCompile Include="global.cpp">
      <Filter>01. Header</Filter>
    </ClCompile>
    <ClCompile Include="EHMesh.cpp">
      <Filter>08. Asset\Mesh</Filter>
    </ClCompile>
    <ClCompile Include="EHGameObject.cpp">
      <Filter>06. GameObject</Filter>
    </ClCompile>
    <ClCompile Include="EHShader.cpp">
      <Filter>08. Asset\Shader</Filter>
    </ClCompile>
    <ClCompile Include="EHAsset.cpp">
      <Filter>08. Asset</Filter>
    </ClCompile>
    <ClCompile Include="EHAssetMgr.cpp">
      <Filter>04. Manager\AssetMgr</Filter>
    </ClCompile>
    <ClCompile Include="EHComponent.cpp">
      <Filter>07. Component</Filter>
    </ClCompile>
    <ClCompile Include="EHTransform.cpp">
      <Filter>07. Component\Transform</Filter>
    </ClCompile>
    <ClCompile Include="EHGraphicShader.cpp">
      <Filter>08. Asset\Shader\GraphicShader</Filter>
    </ClCompile>
    <ClCompile Include="EHMeshRenderer.cpp">
      <Filter>07. Component\Renderer\MeshRenderer</Filter>
    </ClCompile>
    <ClCompile Include="EHRenderer.cpp">
      <Filter>07. Component\Renderer</Filter>
    </ClCompile>
    <ClCompile Include="EHConstantBuffer.cpp">
      <Filter>03. Device\ConstantBuffer</Filter>
    </ClCompile>
    <ClCompile Include="EHScript.cpp">
      <Filter>07. Component\Script</Filter>
    </ClCompile>
    <ClCompile Include="EHLevelMgr.cpp">
      <Filter>04. Manager\LevelMgr</Filter>
    </ClCompile>
    <ClCompile Include="EHTestLevel.cpp">
      <Filter>05. Level\TestLevel</Filter>
    </ClCompile>
    <ClCompile Include="EHLayer.cpp">
      <Filter>09. Layer</Filter>
    </ClCompile>
    <ClCompile Include="EHCamera.cpp">
      <Filter>07. Component\Camera</Filter>
    </ClCompile>
    <ClCompile Include="Extern.cpp">
      <Filter>01. Header</Filter>
    </ClCompile>
    <ClCompile Include="EHPlayerScript.cpp">
      <Filter>07. Component\Script\1. Player</Filter>
    </ClCompile>
    <ClCompile Include="EHCameraScript.cpp">
      <Filter>07. Component\Script\2. Camera</Filter>
    </ClCompile>
    <ClCompile Include="EHMaterial.cpp">
      <Filter>08. Asset\Material</Filter>
    </ClCompile>
    <ClCompile Include="EHLIght2D.cpp">
      <Filter>07. Component\Light2D</Filter>
    </ClCompile>
    <ClCompile Include="EHCameraTargetScript.cpp">
      <Filter>07. Component\Script\2. Camera</Filter>
    </ClCompile>
    <ClCompile Include="EHSprite.cpp">
      <Filter>08. Asset\Sprite</Filter>
    </ClCompile>
    <ClCompile Include="EHTaskMgr.cpp">
      <Filter>04. Manager\TaskMgr</Filter>
    </ClCompile>
    <ClCompile Include="func.cpp">
      <Filter>01. Header</Filter>
    </ClCompile>
    <ClCompile Include="EHThreadMgr.cpp">
      <Filter>04. Manager\ThreadMgr</Filter>
    </ClCompile>
    <ClCompile Include="EHThreadTask.cpp">
      <Filter>ThreadTask</Filter>
    </ClCompile>
    <ClCompile Include="EHMapGenerator.cpp">
      <Filter>ThreadTask\MapGenerator</Filter>
    </ClCompile>
    <ClCompile Include="EHGarbageCollector.cpp">
      <Filter>04. Manager\GCMgr</Filter>
    </ClCompile>
    <ClCompile Include="EHRenderMgr.cpp">
      <Filter>04. Manager\RenderMgr</Filter>
    </ClCompile>
    <ClCompile Include="RenderMgr_Init.cpp">
      <Filter>04. Manager\RenderMgr</Filter>
    </ClCompile>
    <ClCompile Include="imgui_demo.cpp">
      <Filter>Module\ImGUI</Filter>
    </ClCompile>
    <ClCompile Include="imgui_draw.cpp">
      <Filter>Module\ImGUI</Filter>
    </ClCompile>
    <ClCompile Include="imgui_tables.cpp">
      <Filter>Module\ImGUI</Filter>
    </ClCompile>
    <ClCompile Include="imgui_widgets.cpp">
      <Filter>Module\ImGUI</Filter>
    </ClCompile>
    <ClCompile Include="imgui.cpp">
      <Filter>Module\ImGUI</Filter>
    </ClCompile>
    <ClCompile Include="EHImGUIMgr.cpp">
      <Filter>04. Manager\ImGUIMgr</Filter>
    </ClCompile>
    <ClCompile Include="imgui_impl_dx11.cpp">
      <Filter>Module\ImGUI</Filter>
    </ClCompile>
    <ClCompile Include="imgui_impl_win32.cpp">
      <Filter>Module\ImGUI</Filter>
    </ClCompile>
    <ClCompile Include="EHCollisionMgr.cpp">
      <Filter>04. Manager\CollisionMgr</Filter>
    </ClCompile>
    <ClCompile Include="EHCollider.cpp">
      <Filter>07. Component\Collider</Filter>
    </ClCompile>
    <ClCompile Include="EHCollider2D.cpp">
      <Filter>07. Component\Collider\Collider2D\BoxCollider2D</Filter>
    </ClCompile>
    <ClCompile Include="EHCircleCollider2D.cpp">
      <Filter>07. Component\Collider\Collider2D\CircleCollider2D</Filter>
    </ClCompile>
    <ClCompile Include="EHAnimator2D.cpp">
      <Filter>07. Component\Animator2D</Filter>
    </ClCompile>
    <ClCompile Include="EHAnimation2D.cpp">
      <Filter>07. Component\Animator2D\Animation2D</Filter>
    </ClCompile>
    <ClCompile Include="EHSpriteRenderer.cpp">
      <Filter>07. Component\Renderer\SpriteRenderer</Filter>
    </ClCompile>
    <ClCompile Include="EHStructuredBuffer.cpp">
      <Filter>03. Device\StructedBuffer</Filter>
    </ClCompile>
  </ItemGroup>
  <ItemGroup>
    <None Include="SimpleMath.inl">
      <Filter>Module</Filter>
    </None>
  </ItemGroup>
  <ItemGroup>
    <FxCompile Include="std2d.fx">
      <Filter>ShaderCode</Filter>
    </FxCompile>
    <FxCompile Include="struct.fx">
      <Filter>ShaderCode</Filter>
    </FxCompile>
    <FxCompile Include="debug2d.fx">
      <Filter>ShaderCode</Filter>
    </FxCompile>
    <FxCompile Include="func.fx">
      <Filter>ShaderCode</Filter>
    </FxCompile>
  </ItemGroup>
</Project>