<?xml version="1.0" encoding="utf-8"?>
<Project ToolsVersion="4.0" xmlns="http://schemas.microsoft.com/developer/msbuild/2003">
  <ItemGroup>
    <Filter Include="Default">
      <UniqueIdentifier>{b52a6eb2-2d40-4cb4-8e5b-fbebeacff5e5}</UniqueIdentifier>
    </Filter>
    <Filter Include="01. Header">
      <UniqueIdentifier>{342378dd-5bd3-4967-b4e1-0e53cec0e82a}</UniqueIdentifier>
    </Filter>
    <Filter Include="02. Engine">
      <UniqueIdentifier>{07057d25-dc1e-4c98-bddb-bae14d0927f4}</UniqueIdentifier>
    </Filter>
    <Filter Include="03. Device">
      <UniqueIdentifier>{f700f4cd-e61f-4102-98c4-f96943d3fd47}</UniqueIdentifier>
    </Filter>
    <Filter Include="04. Manager">
      <UniqueIdentifier>{2aae81e9-73f4-4b1c-a1f5-98fd6dd2e5a8}</UniqueIdentifier>
    </Filter>
    <Filter Include="Module">
      <UniqueIdentifier>{a357ba81-075f-41d2-a44b-55a5c1e9bb6f}</UniqueIdentifier>
    </Filter>
    <Filter Include="05. Level">
      <UniqueIdentifier>{1b64a587-7356-41ad-8539-d8e6d2d24339}</UniqueIdentifier>
    </Filter>
    <Filter Include="Entity">
      <UniqueIdentifier>{6b1063ca-ffa1-4653-a8ff-2ea3e4ef6cb1}</UniqueIdentifier>
    </Filter>
    <Filter Include="04. Manager\PathMgr">
      <UniqueIdentifier>{10d12ae3-015c-4487-a4d4-1e8ff02eea32}</UniqueIdentifier>
    </Filter>
    <Filter Include="04. Manager\KeyMgr">
      <UniqueIdentifier>{b8d3d1c4-6d62-4d6a-b74c-3edf56212e8f}</UniqueIdentifier>
    </Filter>
    <Filter Include="04. Manager\TimeMgr">
      <UniqueIdentifier>{0726def4-8fa7-4131-9cd4-25bb6e453bb7}</UniqueIdentifier>
    </Filter>
    <Filter Include="ShaderCode">
      <UniqueIdentifier>{b4be6c43-fdec-4925-8eeb-6862d8983d3b}</UniqueIdentifier>
    </Filter>
    <Filter Include="06. Object">
      <UniqueIdentifier>{31f19ca3-4cd7-480d-9316-ffe9c5a3887b}</UniqueIdentifier>
    </Filter>
    <Filter Include="07. Component">
      <UniqueIdentifier>{4a21c217-9167-4199-82a4-65ab4686b88c}</UniqueIdentifier>
    </Filter>
    <Filter Include="08. Asset">
      <UniqueIdentifier>{21de5dcf-7edc-440b-b7b9-8a561b972f92}</UniqueIdentifier>
    </Filter>
    <Filter Include="08. Asset\Mesh">
      <UniqueIdentifier>{6a6a55e2-2ec6-49b9-b950-7f1e299c0f77}</UniqueIdentifier>
    </Filter>
  </ItemGroup>
  <ItemGroup>
    <ClInclude Include="framework.h">
      <Filter>Default</Filter>
    </ClInclude>
    <ClInclude Include="pch.h">
      <Filter>Default</Filter>
    </ClInclude>
    <ClInclude Include="global.h">
      <Filter>01. Header</Filter>
    </ClInclude>
    <ClInclude Include="struct.h">
      <Filter>01. Header</Filter>
    </ClInclude>
    <ClInclude Include="define.h">
      <Filter>01. Header</Filter>
    </ClInclude>
    <ClInclude Include="singleton.h">
      <Filter>01. Header</Filter>
    </ClInclude>
    <ClInclude Include="EHEngine.h">
      <Filter>02. Engine</Filter>
    </ClInclude>
    <ClInclude Include="EHDevice.h">
      <Filter>03. Device</Filter>
    </ClInclude>
    <ClInclude Include="EHLevel.h">
      <Filter>05. Level</Filter>
    </ClInclude>
    <ClInclude Include="EHEntity.h">
      <Filter>Entity</Filter>
    </ClInclude>
    <ClInclude Include="SimpleMath.h">
      <Filter>Module</Filter>
    </ClInclude>
    <ClInclude Include="EHKeyMgr.h">
      <Filter>04. Manager\KeyMgr</Filter>
    </ClInclude>
    <ClInclude Include="EHTimeMgr.h">
      <Filter>04. Manager\TimeMgr</Filter>
    </ClInclude>
    <ClInclude Include="EHPathMgr.h">
      <Filter>04. Manager\PathMgr</Filter>
    </ClInclude>
    <ClInclude Include="EHMesh.h">
      <Filter>08. Asset\Mesh</Filter>
    </ClInclude>
    <ClInclude Include="EHObject.h">
      <Filter>06. Object</Filter>
    </ClInclude>
  </ItemGroup>
  <ItemGroup>
    <ClCompile Include="Engine.cpp">
      <Filter>Default</Filter>
    </ClCompile>
    <ClCompile Include="pch.cpp">
      <Filter>Default</Filter>
    </ClCompile>
    <ClCompile Include="EHEngine.cpp">
      <Filter>02. Engine</Filter>
    </ClCompile>
    <ClCompile Include="EHDevice.cpp">
      <Filter>03. Device</Filter>
    </ClCompile>
    <ClCompile Include="EHLevel.cpp">
      <Filter>05. Level</Filter>
    </ClCompile>
    <ClCompile Include="EHEntity.cpp">
      <Filter>Entity</Filter>
    </ClCompile>
    <ClCompile Include="EHKeyMgr.cpp">
      <Filter>04. Manager\KeyMgr</Filter>
    </ClCompile>
    <ClCompile Include="EHTimeMgr.cpp">
      <Filter>04. Manager\TimeMgr</Filter>
    </ClCompile>
    <ClCompile Include="EHPathMgr.cpp">
      <Filter>04. Manager\PathMgr</Filter>
    </ClCompile>
    <ClCompile Include="global.cpp">
      <Filter>01. Header</Filter>
    </ClCompile>
    <ClCompile Include="EHMesh.cpp">
      <Filter>08. Asset\Mesh</Filter>
    </ClCompile>
    <ClCompile Include="EHObject.cpp">
      <Filter>06. Object</Filter>
    </ClCompile>
  </ItemGroup>
  <ItemGroup>
    <None Include="SimpleMath.inl">
      <Filter>Module</Filter>
    </None>
  </ItemGroup>
  <ItemGroup>
    <FxCompile Include="std2d.fx">
      <Filter>ShaderCode</Filter>
    </FxCompile>
  </ItemGroup>
</Project>