<?xml version="1.0" encoding="utf-8"?>
<Project ToolsVersion="4.0" xmlns="http://schemas.microsoft.com/developer/msbuild/2003">
  <ItemGroup>
    <Filter Include="Default">
      <UniqueIdentifier>{2fee5dfd-788e-455e-b9eb-bb92a5234c48}</UniqueIdentifier>
    </Filter>
    <Filter Include="01. Scene">
      <UniqueIdentifier>{a42199dd-5c30-4848-b878-d8dd46ef82de}</UniqueIdentifier>
    </Filter>
    <Filter Include="02. Script">
      <UniqueIdentifier>{265cbf56-9ae9-45cb-8116-ae7b586c9b76}</UniqueIdentifier>
    </Filter>
    <Filter Include="01. Scene\01. Intro">
      <UniqueIdentifier>{736fca89-c252-4e81-a466-92670eff6728}</UniqueIdentifier>
    </Filter>
    <Filter Include="01. Scene\02. Title">
      <UniqueIdentifier>{d001ff22-4069-46e0-b1b6-0316d9c3df9b}</UniqueIdentifier>
    </Filter>
    <Filter Include="01. Scene\03. Village">
      <UniqueIdentifier>{f7c64941-c732-416a-941f-70e73340492f}</UniqueIdentifier>
    </Filter>
    <Filter Include="01. Scene\04. Dungeon">
      <UniqueIdentifier>{f385a871-5529-4787-9751-bdbf26dd7019}</UniqueIdentifier>
    </Filter>
    <Filter Include="03. Util">
      <UniqueIdentifier>{fe2fc1bb-eb87-4c26-aa37-c52baa97829d}</UniqueIdentifier>
    </Filter>
    <Filter Include="03. Util\RoomManager">
      <UniqueIdentifier>{f823057a-dd95-4017-bce0-d4c578c78c0b}</UniqueIdentifier>
    </Filter>
    <Filter Include="02. Script\10. TriggerScript">
      <UniqueIdentifier>{c378951c-3481-4448-8ca0-1285c4070c81}</UniqueIdentifier>
    </Filter>
    <Filter Include="02. Script\10. TriggerScript\01. MoveTriggerScript">
      <UniqueIdentifier>{2deaeca8-97b8-4b18-8b71-a5397e909ef2}</UniqueIdentifier>
    </Filter>
    <Filter Include="02. Script\OutlineScript">
      <UniqueIdentifier>{d1992999-af05-4e41-ac48-c712af0e452f}</UniqueIdentifier>
    </Filter>
    <Filter Include="02. Script\TestScript">
      <UniqueIdentifier>{b8c1db21-9a97-48b3-a6fd-0c1d395b098b}</UniqueIdentifier>
    </Filter>
    <Filter Include="02. Script\11. DungeonScript">
      <UniqueIdentifier>{3207a9c0-e6d8-4a11-a8d6-172779a5e096}</UniqueIdentifier>
    </Filter>
    <Filter Include="02. Script\1. PlayerScript">
      <UniqueIdentifier>{ffb405f3-fd34-4824-a632-466d3fa1d259}</UniqueIdentifier>
    </Filter>
    <Filter Include="02. Script\2. CameraScript">
      <UniqueIdentifier>{0ea22ca3-06c6-43b2-86dc-d85e416574fe}</UniqueIdentifier>
    </Filter>
    <Filter Include="02. Script\3. LightScript">
      <UniqueIdentifier>{94e4c05e-7a55-49c6-8061-452a44ed96cd}</UniqueIdentifier>
    </Filter>
    <Filter Include="03. Util\ScriptMgr">
      <UniqueIdentifier>{badd7bdd-1c9f-4405-9f1f-15c6bd620321}</UniqueIdentifier>
    </Filter>
    <Filter Include="03. Util\RecordManager">
      <UniqueIdentifier>{8e09e074-c017-4590-a2e4-a81485e3b5bd}</UniqueIdentifier>
    </Filter>
    <Filter Include="02. Script\12. SceneScript">
      <UniqueIdentifier>{7b36700a-c0ff-4d9d-a162-256a1a2eea5d}</UniqueIdentifier>
    </Filter>
    <Filter Include="02. Script\12. SceneScript\TitleScript">
      <UniqueIdentifier>{b55f5c42-b562-4492-bf54-70f6347322ab}</UniqueIdentifier>
    </Filter>
    <Filter Include="02. Script\12. SceneScript\SlotScript">
      <UniqueIdentifier>{73e27e41-13db-4d8b-8c50-9baec6ee0bd2}</UniqueIdentifier>
    </Filter>
    <Filter Include="02. Script\12. SceneScript\GUIScript">
      <UniqueIdentifier>{cb6b1023-5149-4e0d-9368-1350f4f159b3}</UniqueIdentifier>
    </Filter>
    <Filter Include="02. Script\12. SceneScript\GUIScript\LineScript">
      <UniqueIdentifier>{67d8d39d-094f-4b1e-9e41-1085d9f09729}</UniqueIdentifier>
    </Filter>
    <Filter Include="02. Script\12. SceneScript\TutorialScript">
      <UniqueIdentifier>{4a874ed1-9c6a-42c8-9c03-b199067f4244}</UniqueIdentifier>
    </Filter>
  </ItemGroup>
  <ItemGroup>
    <ClInclude Include="framework.h">
      <Filter>Default</Filter>
    </ClInclude>
    <ClInclude Include="pch.h">
      <Filter>Default</Filter>
    </ClInclude>
    <ClInclude Include="global.h">
      <Filter>Default</Filter>
    </ClInclude>
    <ClInclude Include="EHDungeonScene.h">
      <Filter>01. Scene\04. Dungeon</Filter>
    </ClInclude>
    <ClInclude Include="EHIntroScene.h">
      <Filter>01. Scene\01. Intro</Filter>
    </ClInclude>
    <ClInclude Include="EHTitleScene.h">
      <Filter>01. Scene\02. Title</Filter>
    </ClInclude>
    <ClInclude Include="Content_enum.h">
      <Filter>Default</Filter>
    </ClInclude>
    <ClInclude Include="content_struct.h">
      <Filter>Default</Filter>
    </ClInclude>
    <ClInclude Include="EHRoomManager.h">
      <Filter>03. Util\RoomManager</Filter>
    </ClInclude>
    <ClInclude Include="EHTriggerScript.h">
      <Filter>02. Script\10. TriggerScript\01. MoveTriggerScript</Filter>
    </ClInclude>
    <ClInclude Include="EHOutLineScript.h">
      <Filter>02. Script\OutlineScript</Filter>
    </ClInclude>
    <ClInclude Include="EHTestScript.h">
      <Filter>02. Script\TestScript</Filter>
    </ClInclude>
    <ClInclude Include="EHTitleScript.h">
      <Filter>02. Script\12. SceneScript\TitleScript</Filter>
    </ClInclude>
    <ClInclude Include="EHPlayerScript.h">
      <Filter>02. Script\1. PlayerScript</Filter>
    </ClInclude>
    <ClInclude Include="EHLight2DScript.h">
      <Filter>02. Script\3. LightScript</Filter>
    </ClInclude>
    <ClInclude Include="EHCameraScript.h">
      <Filter>02. Script\2. CameraScript</Filter>
    </ClInclude>
    <ClInclude Include="EHCameraTargetScript.h">
      <Filter>02. Script\2. CameraScript</Filter>
    </ClInclude>
    <ClInclude Include="EHDungeonScript.h">
      <Filter>02. Script\11. DungeonScript</Filter>
    </ClInclude>
    <ClInclude Include="EHScriptMgr.h">
      <Filter>03. Util\ScriptMgr</Filter>
    </ClInclude>
    <ClInclude Include="Scripts.h">
      <Filter>Default</Filter>
    </ClInclude>
    <ClInclude Include="EHSlotScript.h">
      <Filter>02. Script\12. SceneScript\SlotScript</Filter>
    </ClInclude>
    <ClInclude Include="EHGUI_LineScript.h">
      <Filter>02. Script\12. SceneScript\GUIScript\LineScript</Filter>
    </ClInclude>
    <ClInclude Include="EHRecordManager.h">
      <Filter>03. Util\RecordManager</Filter>
    </ClInclude>
    <ClInclude Include="EHTutorialScript.h">
      <Filter>02. Script\12. SceneScript\TutorialScript</Filter>
    </ClInclude>
  </ItemGroup>
  <ItemGroup>
    <ClCompile Include="pch.cpp">
      <Filter>Default</Filter>
    </ClCompile>
    <ClCompile Include="Content.cpp">
      <Filter>Default</Filter>
    </ClCompile>
    <ClCompile Include="EHDungeonScene.cpp">
      <Filter>01. Scene\04. Dungeon</Filter>
    </ClCompile>
    <ClCompile Include="EHIntroScene.cpp">
      <Filter>01. Scene\01. Intro</Filter>
    </ClCompile>
    <ClCompile Include="EHTitleScene.cpp">
      <Filter>01. Scene\02. Title</Filter>
    </ClCompile>
    <ClCompile Include="EHRoomManager.cpp">
      <Filter>03. Util\RoomManager</Filter>
    </ClCompile>
    <ClCompile Include="EHTriggerScript.cpp">
      <Filter>02. Script\10. TriggerScript\01. MoveTriggerScript</Filter>
    </ClCompile>
    <ClCompile Include="EHOutLineScript.cpp">
      <Filter>02. Script\OutlineScript</Filter>
    </ClCompile>
    <ClCompile Include="EHTestScript.cpp">
      <Filter>02. Script\TestScript</Filter>
    </ClCompile>
    <ClCompile Include="EHTitleScript.cpp">
      <Filter>02. Script\12. SceneScript\TitleScript</Filter>
    </ClCompile>
    <ClCompile Include="EHPlayerScript.cpp">
      <Filter>02. Script\1. PlayerScript</Filter>
    </ClCompile>
    <ClCompile Include="EHLight2DScript.cpp">
      <Filter>02. Script\3. LightScript</Filter>
    </ClCompile>
    <ClCompile Include="EHCameraScript.cpp">
      <Filter>02. Script\2. CameraScript</Filter>
    </ClCompile>
    <ClCompile Include="EHCameraTargetScript.cpp">
      <Filter>02. Script\2. CameraScript</Filter>
    </ClCompile>
    <ClCompile Include="EHDungeonScript.cpp">
      <Filter>02. Script\11. DungeonScript</Filter>
    </ClCompile>
    <ClCompile Include="EHScriptMgr.cpp">
      <Filter>03. Util\ScriptMgr</Filter>
    </ClCompile>
    <ClCompile Include="EHSlotScript.cpp">
      <Filter>02. Script\12. SceneScript\SlotScript</Filter>
    </ClCompile>
    <ClCompile Include="EHGUI_LineScript.cpp">
      <Filter>02. Script\12. SceneScript\GUIScript\LineScript</Filter>
    </ClCompile>
    <ClCompile Include="EHRecordManager.cpp">
      <Filter>03. Util\RecordManager</Filter>
    </ClCompile>
    <ClCompile Include="EHTutorialScript.cpp">
      <Filter>02. Script\12. SceneScript\TutorialScript</Filter>
    </ClCompile>
  </ItemGroup>
</Project>